
Microsoft Visual Studio Solution File, Format Version 12.00
# Visual Studio 14
VisualStudioVersion = 14.0.25420.1
MinimumVisualStudioVersion = 10.0.40219.1
Project("{2150E333-8FDC-42A3-9474-1A3956D46DE8}") = "src", "src", "{2A3A790F-2B3E-4F53-A2A5-CAD14AB960E6}"
EndProject
Project("{2150E333-8FDC-42A3-9474-1A3956D46DE8}") = "Solution Items", "Solution Items", "{6BB4AEFD-0B88-41C1-A274-80E67801D762}"
	ProjectSection(SolutionItems) = preProject
		global.json = global.json
	EndProjectSection
EndProject
Project("{8BB2217D-0F2D-49D1-97BC-3654ED321F3B}") = "Frogs", "src\Frogs\Frogs.xproj", "{B587B3DD-6E47-4172-AB9F-4CCF54D1C799}"
EndProject
Project("{8BB2217D-0F2D-49D1-97BC-3654ED321F3B}") = "SlidingBlocks", "src\SlidingBlocks\SlidingBlocks.xproj", "{E5807C2E-18F2-4C0C-A87B-6AFC741DAD8E}"
EndProject
Project("{8BB2217D-0F2D-49D1-97BC-3654ED321F3B}") = "Queens", "src\Queens\Queens.xproj", "{1A82E18B-6049-4964-9C7A-5775452DFE68}"
EndProject
Project("{8BB2217D-0F2D-49D1-97BC-3654ED321F3B}") = "Knapsack", "src\Knapsack\Knapsack.xproj", "{EE50DCF0-F7C7-4FF7-9F72-D8982F014975}"
EndProject
Project("{8BB2217D-0F2D-49D1-97BC-3654ED321F3B}") = "TicTacToe", "src\TicTacToe\TicTacToe.xproj", "{1BF518E1-8E3A-49A7-9B8F-9E66B65233C3}"
EndProject
Project("{F2A71F9B-5D33-465A-A702-920D77279786}") = "Queens.Fsharp", "src\Queens.Fsharp\Queens.Fsharp.fsproj", "{40270FD7-003C-4275-BD73-DBAEEE0BC0FE}"
EndProject
Project("{F2A71F9B-5D33-465A-A702-920D77279786}") = "Frogs.FSharp", "src\Frogs.FSharp\Frogs.FSharp.fsproj", "{40BA03DC-52D2-490B-813C-A3E2B94F36BB}"
EndProject
Project("{8BB2217D-0F2D-49D1-97BC-3654ED321F3B}") = "KNN", "src\KNN\KNN.xproj", "{8AFF9C68-1E15-456B-826B-A7E93F88382F}"
EndProject
Project("{8BB2217D-0F2D-49D1-97BC-3654ED321F3B}") = "NaiveBayesClassifier", "src\NaiveBayesClassifier\NaiveBayesClassifier.xproj", "{0BDD69B0-BDAB-4A64-AF93-F38F1D5DFEE3}"
EndProject
Project("{8BB2217D-0F2D-49D1-97BC-3654ED321F3B}") = "ID3", "src\ID3\ID3.xproj", "{C95DE439-9ED1-44E3-9A42-72F84467BA15}"
EndProject
Project("{FAE04EC0-301F-11D3-BF4B-00C04F79EFBC}") = "NeuralNetwork", "NeuralNetwork\NeuralNetwork.csproj", "{BDF13D76-843B-4117-9533-777C6AAAEDD1}"
EndProject
Project("{FAE04EC0-301F-11D3-BF4B-00C04F79EFBC}") = "NeuralNetwork2", "NeuralNetwork2\NeuralNetwork2.csproj", "{522A6200-7C71-4A8D-A6FC-C81CFA341F1B}"
EndProject
Project("{FAE04EC0-301F-11D3-BF4B-00C04F79EFBC}") = "DigitRecognition.UI", "DigitRecognition.UI\DigitRecognition.UI.csproj", "{6A9D88CC-13D2-46A2-8BB9-BBF64613047A}"
EndProject
Global
	GlobalSection(SolutionConfigurationPlatforms) = preSolution
		Debug|Any CPU = Debug|Any CPU
		Release|Any CPU = Release|Any CPU
	EndGlobalSection
	GlobalSection(ProjectConfigurationPlatforms) = postSolution
		{B587B3DD-6E47-4172-AB9F-4CCF54D1C799}.Debug|Any CPU.ActiveCfg = Debug|Any CPU
		{B587B3DD-6E47-4172-AB9F-4CCF54D1C799}.Debug|Any CPU.Build.0 = Debug|Any CPU
		{B587B3DD-6E47-4172-AB9F-4CCF54D1C799}.Release|Any CPU.ActiveCfg = Release|Any CPU
		{B587B3DD-6E47-4172-AB9F-4CCF54D1C799}.Release|Any CPU.Build.0 = Release|Any CPU
		{E5807C2E-18F2-4C0C-A87B-6AFC741DAD8E}.Debug|Any CPU.ActiveCfg = Debug|Any CPU
		{E5807C2E-18F2-4C0C-A87B-6AFC741DAD8E}.Debug|Any CPU.Build.0 = Debug|Any CPU
		{E5807C2E-18F2-4C0C-A87B-6AFC741DAD8E}.Release|Any CPU.ActiveCfg = Release|Any CPU
		{E5807C2E-18F2-4C0C-A87B-6AFC741DAD8E}.Release|Any CPU.Build.0 = Release|Any CPU
		{1A82E18B-6049-4964-9C7A-5775452DFE68}.Debug|Any CPU.ActiveCfg = Debug|Any CPU
		{1A82E18B-6049-4964-9C7A-5775452DFE68}.Debug|Any CPU.Build.0 = Debug|Any CPU
		{1A82E18B-6049-4964-9C7A-5775452DFE68}.Release|Any CPU.ActiveCfg = Release|Any CPU
		{1A82E18B-6049-4964-9C7A-5775452DFE68}.Release|Any CPU.Build.0 = Release|Any CPU
		{EE50DCF0-F7C7-4FF7-9F72-D8982F014975}.Debug|Any CPU.ActiveCfg = Debug|Any CPU
		{EE50DCF0-F7C7-4FF7-9F72-D8982F014975}.Debug|Any CPU.Build.0 = Debug|Any CPU
		{EE50DCF0-F7C7-4FF7-9F72-D8982F014975}.Release|Any CPU.ActiveCfg = Release|Any CPU
		{EE50DCF0-F7C7-4FF7-9F72-D8982F014975}.Release|Any CPU.Build.0 = Release|Any CPU
		{1BF518E1-8E3A-49A7-9B8F-9E66B65233C3}.Debug|Any CPU.ActiveCfg = Debug|Any CPU
		{1BF518E1-8E3A-49A7-9B8F-9E66B65233C3}.Debug|Any CPU.Build.0 = Debug|Any CPU
		{1BF518E1-8E3A-49A7-9B8F-9E66B65233C3}.Release|Any CPU.ActiveCfg = Release|Any CPU
		{1BF518E1-8E3A-49A7-9B8F-9E66B65233C3}.Release|Any CPU.Build.0 = Release|Any CPU
		{40270FD7-003C-4275-BD73-DBAEEE0BC0FE}.Debug|Any CPU.ActiveCfg = Debug|Any CPU
		{40270FD7-003C-4275-BD73-DBAEEE0BC0FE}.Debug|Any CPU.Build.0 = Debug|Any CPU
		{40270FD7-003C-4275-BD73-DBAEEE0BC0FE}.Release|Any CPU.ActiveCfg = Release|Any CPU
		{40270FD7-003C-4275-BD73-DBAEEE0BC0FE}.Release|Any CPU.Build.0 = Release|Any CPU
		{40BA03DC-52D2-490B-813C-A3E2B94F36BB}.Debug|Any CPU.ActiveCfg = Debug|Any CPU
		{40BA03DC-52D2-490B-813C-A3E2B94F36BB}.Debug|Any CPU.Build.0 = Debug|Any CPU
		{40BA03DC-52D2-490B-813C-A3E2B94F36BB}.Release|Any CPU.ActiveCfg = Release|Any CPU
		{40BA03DC-52D2-490B-813C-A3E2B94F36BB}.Release|Any CPU.Build.0 = Release|Any CPU
		{8AFF9C68-1E15-456B-826B-A7E93F88382F}.Debug|Any CPU.ActiveCfg = Debug|Any CPU
		{8AFF9C68-1E15-456B-826B-A7E93F88382F}.Debug|Any CPU.Build.0 = Debug|Any CPU
		{8AFF9C68-1E15-456B-826B-A7E93F88382F}.Release|Any CPU.ActiveCfg = Release|Any CPU
		{8AFF9C68-1E15-456B-826B-A7E93F88382F}.Release|Any CPU.Build.0 = Release|Any CPU
		{0BDD69B0-BDAB-4A64-AF93-F38F1D5DFEE3}.Debug|Any CPU.ActiveCfg = Debug|Any CPU
		{0BDD69B0-BDAB-4A64-AF93-F38F1D5DFEE3}.Debug|Any CPU.Build.0 = Debug|Any CPU
		{0BDD69B0-BDAB-4A64-AF93-F38F1D5DFEE3}.Release|Any CPU.ActiveCfg = Release|Any CPU
		{0BDD69B0-BDAB-4A64-AF93-F38F1D5DFEE3}.Release|Any CPU.Build.0 = Release|Any CPU
		{C95DE439-9ED1-44E3-9A42-72F84467BA15}.Debug|Any CPU.ActiveCfg = Debug|Any CPU
		{C95DE439-9ED1-44E3-9A42-72F84467BA15}.Debug|Any CPU.Build.0 = Debug|Any CPU
		{C95DE439-9ED1-44E3-9A42-72F84467BA15}.Release|Any CPU.ActiveCfg = Release|Any CPU
		{C95DE439-9ED1-44E3-9A42-72F84467BA15}.Release|Any CPU.Build.0 = Release|Any CPU
		{BDF13D76-843B-4117-9533-777C6AAAEDD1}.Debug|Any CPU.ActiveCfg = Debug|Any CPU
		{BDF13D76-843B-4117-9533-777C6AAAEDD1}.Debug|Any CPU.Build.0 = Debug|Any CPU
		{BDF13D76-843B-4117-9533-777C6AAAEDD1}.Release|Any CPU.ActiveCfg = Release|Any CPU
		{BDF13D76-843B-4117-9533-777C6AAAEDD1}.Release|Any CPU.Build.0 = Release|Any CPU
		{522A6200-7C71-4A8D-A6FC-C81CFA341F1B}.Debug|Any CPU.ActiveCfg = Debug|Any CPU
		{522A6200-7C71-4A8D-A6FC-C81CFA341F1B}.Debug|Any CPU.Build.0 = Debug|Any CPU
		{522A6200-7C71-4A8D-A6FC-C81CFA341F1B}.Release|Any CPU.ActiveCfg = Release|Any CPU
		{522A6200-7C71-4A8D-A6FC-C81CFA341F1B}.Release|Any CPU.Build.0 = Release|Any CPU
		{6A9D88CC-13D2-46A2-8BB9-BBF64613047A}.Debug|Any CPU.ActiveCfg = Debug|Any CPU
		{6A9D88CC-13D2-46A2-8BB9-BBF64613047A}.Debug|Any CPU.Build.0 = Debug|Any CPU
		{6A9D88CC-13D2-46A2-8BB9-BBF64613047A}.Release|Any CPU.ActiveCfg = Release|Any CPU
		{6A9D88CC-13D2-46A2-8BB9-BBF64613047A}.Release|Any CPU.Build.0 = Release|Any CPU
	EndGlobalSection
	GlobalSection(SolutionProperties) = preSolution
		HideSolutionNode = FALSE
	EndGlobalSection
	GlobalSection(NestedProjects) = preSolution
		{B587B3DD-6E47-4172-AB9F-4CCF54D1C799} = {2A3A790F-2B3E-4F53-A2A5-CAD14AB960E6}
		{E5807C2E-18F2-4C0C-A87B-6AFC741DAD8E} = {2A3A790F-2B3E-4F53-A2A5-CAD14AB960E6}
		{1A82E18B-6049-4964-9C7A-5775452DFE68} = {2A3A790F-2B3E-4F53-A2A5-CAD14AB960E6}
		{EE50DCF0-F7C7-4FF7-9F72-D8982F014975} = {2A3A790F-2B3E-4F53-A2A5-CAD14AB960E6}
		{1BF518E1-8E3A-49A7-9B8F-9E66B65233C3} = {2A3A790F-2B3E-4F53-A2A5-CAD14AB960E6}
		{40270FD7-003C-4275-BD73-DBAEEE0BC0FE} = {2A3A790F-2B3E-4F53-A2A5-CAD14AB960E6}
		{40BA03DC-52D2-490B-813C-A3E2B94F36BB} = {2A3A790F-2B3E-4F53-A2A5-CAD14AB960E6}
		{8AFF9C68-1E15-456B-826B-A7E93F88382F} = {2A3A790F-2B3E-4F53-A2A5-CAD14AB960E6}
		{0BDD69B0-BDAB-4A64-AF93-F38F1D5DFEE3} = {2A3A790F-2B3E-4F53-A2A5-CAD14AB960E6}
		{C95DE439-9ED1-44E3-9A42-72F84467BA15} = {2A3A790F-2B3E-4F53-A2A5-CAD14AB960E6}
	EndGlobalSection
EndGlobal
